{
  "object": {
    "pins": [
      {
        "package": "Sourceful",
        "repositoryURL": "git@github.com:twostraws/Sourceful.git",
        "state": {
          "branch": "main",
          "revision": "34661044bc5d3f231f9edd1663531ccf6c2ef793",
          "version": null
        }
      },
      {
        "package": "swift-collections",
        "repositoryURL": "https://github.com/apple/swift-collections",
        "state": {
          "branch": "main",
          "revision": "f1f0fa8e0382f93127a2381f859e59ee0d39f33f",
          "version": null
        }
      }
    ]
  },
  "version": 1
}
