{
  "object": {
    "pins": [
      {
        "package": "swift-argument-parser",
        "repositoryURL": "git@github.com:apple/swift-argument-parser.git",
        "state": {
          "branch": "main",
          "revision": "fe71d4007d87b54883cf3f79f24ef24d7dcff8d1",
          "version": null
        }
      }
    ]
  },
  "version": 1
}
