// !$*UTF8*$!
{
	archiveVersion = 1;
	classes = {
	};
	objectVersion = 52;
	objects = {

/* Begin PBXBuildFile section */
		A51D61C52624F397008403F8 /* PerfectMatchApp.swift in Sources */ = {isa = PBXBuildFile; fileRef = A51D61C42624F397008403F8 /* PerfectMatchApp.swift */; };
		A51D61C72624F397008403F8 /* ContentView.swift in Sources */ = {isa = PBXBuildFile; fileRef = A51D61C62624F397008403F8 /* ContentView.swift */; };
		A51D61C92624F39C008403F8 /* Assets.xcassets in Resources */ = {isa = PBXBuildFile; fileRef = A51D61C82624F39C008403F8 /* Assets.xcassets */; };
		A51D61CC2624F39C008403F8 /* Preview Assets.xcassets in Resources */ = {isa = PBXBuildFile; fileRef = A51D61CB2624F39C008403F8 /* Preview Assets.xcassets */; };
		A51D61E22624F9DC008403F8 /* PerfectMatchDiffing in Frameworks */ = {isa = PBXBuildFile; productRef = A51D61E12624F9DC008403F8 /* PerfectMatchDiffing */; };
/* End PBXBuildFile section */

/* Begin PBXFileReference section */
		A51D61C12624F397008403F8 /* PerfectMatch.app */ = {isa = PBXFileReference; explicitFileType = wrapper.application; includeInIndex = 0; path = PerfectMatch.app; sourceTree = BUILT_PRODUCTS_DIR; };
		A51D61C42624F397008403F8 /* PerfectMatchApp.swift */ = {isa = PBXFileReference; lastKnownFileType = sourcecode.swift; path = PerfectMatchApp.swift; sourceTree = "<group>"; };
		A51D61C62624F397008403F8 /* ContentView.swift */ = {isa = PBXFileReference; lastKnownFileType = sourcecode.swift; path = ContentView.swift; sourceTree = "<group>"; };
		A51D61C82624F39C008403F8 /* Assets.xcassets */ = {isa = PBXFileReference; lastKnownFileType = folder.assetcatalog; path = Assets.xcassets; sourceTree = "<group>"; };
		A51D61CB2624F39C008403F8 /* Preview Assets.xcassets */ = {isa = PBXFileReference; lastKnownFileType = folder.assetcatalog; path = "Preview Assets.xcassets"; sourceTree = "<group>"; };
		A51D61CD2624F39C008403F8 /* Info.plist */ = {isa = PBXFileReference; lastKnownFileType = text.plist.xml; path = Info.plist; sourceTree = "<group>"; };
		A51D61CE2624F39D008403F8 /* PerfectMatch.entitlements */ = {isa = PBXFileReference; lastKnownFileType = text.plist.entitlements; path = PerfectMatch.entitlements; sourceTree = "<group>"; };
		A51D61D52624F5E0008403F8 /* Playground.playground */ = {isa = PBXFileReference; lastKnownFileType = file.playground; path = Playground.playground; sourceTree = "<group>"; xcLanguageSpecificationIdentifier = xcode.lang.swift; };
		A51D61DF2624F957008403F8 /* PerfectMatchDiffing */ = {isa = PBXFileReference; lastKnownFileType = folder; name = PerfectMatchDiffing; path = ../PerfectMatchDiffing; sourceTree = "<group>"; };
/* End PBXFileReference section */

/* Begin PBXFrameworksBuildPhase section */
		A51D61BE2624F397008403F8 /* Frameworks */ = {
			isa = PBXFrameworksBuildPhase;
			buildActionMask = 2147483647;
			files = (
				A51D61E22624F9DC008403F8 /* PerfectMatchDiffing in Frameworks */,
			);
			runOnlyForDeploymentPostprocessing = 0;
		};
/* End PBXFrameworksBuildPhase section */

/* Begin PBXGroup section */
		A51D61B82624F397008403F8 = {
			isa = PBXGroup;
			children = (
				A51D61DF2624F957008403F8 /* PerfectMatchDiffing */,
				A51D61D52624F5E0008403F8 /* Playground.playground */,
				A51D61C32624F397008403F8 /* PerfectMatch */,
				A51D61C22624F397008403F8 /* Products */,
				A51D61DA2624F885008403F8 /* Frameworks */,
			);
			sourceTree = "<group>";
		};
		A51D61C22624F397008403F8 /* Products */ = {
			isa = PBXGroup;
			children = (
				A51D61C12624F397008403F8 /* PerfectMatch.app */,
			);
			name = Products;
			sourceTree = "<group>";
		};
		A51D61C32624F397008403F8 /* PerfectMatch */ = {
			isa = PBXGroup;
			children = (
				A51D61C42624F397008403F8 /* PerfectMatchApp.swift */,
				A51D61C62624F397008403F8 /* ContentView.swift */,
				A51D61C82624F39C008403F8 /* Assets.xcassets */,
				A51D61CD2624F39C008403F8 /* Info.plist */,
				A51D61CE2624F39D008403F8 /* PerfectMatch.entitlements */,
				A51D61CA2624F39C008403F8 /* Preview Content */,
			);
			path = PerfectMatch;
			sourceTree = "<group>";
		};
		A51D61CA2624F39C008403F8 /* Preview Content */ = {
			isa = PBXGroup;
			children = (
				A51D61CB2624F39C008403F8 /* Preview Assets.xcassets */,
			);
			path = "Preview Content";
			sourceTree = "<group>";
		};
		A51D61DA2624F885008403F8 /* Frameworks */ = {
			isa = PBXGroup;
			children = (
			);
			name = Frameworks;
			sourceTree = "<group>";
		};
/* End PBXGroup section */

/* Begin PBXNativeTarget section */
		A51D61C02624F397008403F8 /* PerfectMatch */ = {
			isa = PBXNativeTarget;
			buildConfigurationList = A51D61D12624F39D008403F8 /* Build configuration list for PBXNativeTarget "PerfectMatch" */;
			buildPhases = (
				A51D61BD2624F397008403F8 /* Sources */,
				A51D61BE2624F397008403F8 /* Frameworks */,
				A51D61BF2624F397008403F8 /* Resources */,
			);
			buildRules = (
			);
			dependencies = (
			);
			name = PerfectMatch;
			packageProductDependencies = (
				A51D61E12624F9DC008403F8 /* PerfectMatchDiffing */,
			);
			productName = PerfectMatch;
			productReference = A51D61C12624F397008403F8 /* PerfectMatch.app */;
			productType = "com.apple.product-type.application";
		};
/* End PBXNativeTarget section */

/* Begin PBXProject section */
		A51D61B92624F397008403F8 /* Project object */ = {
			isa = PBXProject;
			attributes = {
				LastSwiftUpdateCheck = 1240;
				LastUpgradeCheck = 1240;
				TargetAttributes = {
					A51D61C02624F397008403F8 = {
						CreatedOnToolsVersion = 12.4;
					};
				};
			};
			buildConfigurationList = A51D61BC2624F397008403F8 /* Build configuration list for PBXProject "PerfectMatch" */;
			compatibilityVersion = "Xcode 9.3";
			developmentRegion = en;
			hasScannedForEncodings = 0;
			knownRegions = (
				en,
				Base,
			);
			mainGroup = A51D61B82624F397008403F8;
			productRefGroup = A51D61C22624F397008403F8 /* Products */;
			projectDirPath = "";
			projectRoot = "";
			targets = (
				A51D61C02624F397008403F8 /* PerfectMatch */,
			);
		};
/* End PBXProject section */

/* Begin PBXResourcesBuildPhase section */
		A51D61BF2624F397008403F8 /* Resources */ = {
			isa = PBXResourcesBuildPhase;
			buildActionMask = 2147483647;
			files = (
				A51D61CC2624F39C008403F8 /* Preview Assets.xcassets in Resources */,
				A51D61C92624F39C008403F8 /* Assets.xcassets in Resources */,
			);
			runOnlyForDeploymentPostprocessing = 0;
		};
/* End PBXResourcesBuildPhase section */

/* Begin PBXSourcesBuildPhase section */
		A51D61BD2624F397008403F8 /* Sources */ = {
			isa = PBXSourcesBuildPhase;
			buildActionMask = 2147483647;
			files = (
				A51D61C72624F397008403F8 /* ContentView.swift in Sources */,
				A51D61C52624F397008403F8 /* PerfectMatchApp.swift in Sources */,
			);
			runOnlyForDeploymentPostprocessing = 0;
		};
/* End PBXSourcesBuildPhase section */

/* Begin XCBuildConfiguration section */
		A51D61CF2624F39D008403F8 /* Debug */ = {
			isa = XCBuildConfiguration;
			buildSettings = {
				ALWAYS_SEARCH_USER_PATHS = NO;
				CLANG_ANALYZER_NONNULL = YES;
				CLANG_ANALYZER_NUMBER_OBJECT_CONVERSION = YES_AGGRESSIVE;
				CLANG_CXX_LANGUAGE_STANDARD = "gnu++14";
				CLANG_CXX_LIBRARY = "libc++";
				CLANG_ENABLE_MODULES = YES;
				CLANG_ENABLE_OBJC_ARC = YES;
				CLANG_ENABLE_OBJC_WEAK = YES;
				CLANG_WARN_BLOCK_CAPTURE_AUTORELEASING = YES;
				CLANG_WARN_BOOL_CONVERSION = YES;
				CLANG_WARN_COMMA = YES;
				CLANG_WARN_CONSTANT_CONVERSION = YES;
				CLANG_WARN_DEPRECATED_OBJC_IMPLEMENTATIONS = YES;
				CLANG_WARN_DIRECT_OBJC_ISA_USAGE = YES_ERROR;
				CLANG_WARN_DOCUMENTATION_COMMENTS = YES;
				CLANG_WARN_EMPTY_BODY = YES;
				CLANG_WARN_ENUM_CONVERSION = YES;
				CLANG_WARN_INFINITE_RECURSION = YES;
				CLANG_WARN_INT_CONVERSION = YES;
				CLANG_WARN_NON_LITERAL_NULL_CONVERSION = YES;
				CLANG_WARN_OBJC_IMPLICIT_RETAIN_SELF = YES;
				CLANG_WARN_OBJC_LITERAL_CONVERSION = YES;
				CLANG_WARN_OBJC_ROOT_CLASS = YES_ERROR;
				CLANG_WARN_QUOTED_INCLUDE_IN_FRAMEWORK_HEADER = YES;
				CLANG_WARN_RANGE_LOOP_ANALYSIS = YES;
				CLANG_WARN_STRICT_PROTOTYPES = YES;
				CLANG_WARN_SUSPICIOUS_MOVE = YES;
				CLANG_WARN_UNGUARDED_AVAILABILITY = YES_AGGRESSIVE;
				CLANG_WARN_UNREACHABLE_CODE = YES;
				CLANG_WARN__DUPLICATE_METHOD_MATCH = YES;
				COPY_PHASE_STRIP = NO;
				DEBUG_INFORMATION_FORMAT = dwarf;
				ENABLE_STRICT_OBJC_MSGSEND = YES;
				ENABLE_TESTABILITY = YES;
				GCC_C_LANGUAGE_STANDARD = gnu11;
				GCC_DYNAMIC_NO_PIC = NO;
				GCC_NO_COMMON_BLOCKS = YES;
				GCC_OPTIMIZATION_LEVEL = 0;
				GCC_PREPROCESSOR_DEFINITIONS = (
					"DEBUG=1",
					"$(inherited)",
				);
				GCC_WARN_64_TO_32_BIT_CONVERSION = YES;
				GCC_WARN_ABOUT_RETURN_TYPE = YES_ERROR;
				GCC_WARN_UNDECLARED_SELECTOR = YES;
				GCC_WARN_UNINITIALIZED_AUTOS = YES_AGGRESSIVE;
				GCC_WARN_UNUSED_FUNCTION = YES;
				GCC_WARN_UNUSED_VARIABLE = YES;
				MACOSX_DEPLOYMENT_TARGET = 11.1;
				MTL_ENABLE_DEBUG_INFO = INCLUDE_SOURCE;
				MTL_FAST_MATH = YES;
				ONLY_ACTIVE_ARCH = YES;
				SDKROOT = macosx;
				SWIFT_ACTIVE_COMPILATION_CONDITIONS = DEBUG;
				SWIFT_OPTIMIZATION_LEVEL = "-Onone";
			};
			name = Debug;
		};
		A51D61D02624F39D008403F8 /* Release */ = {
			isa = XCBuildConfiguration;
			buildSettings = {
				ALWAYS_SEARCH_USER_PATHS = NO;
				CLANG_ANALYZER_NONNULL = YES;
				CLANG_ANALYZER_NUMBER_OBJECT_CONVERSION = YES_AGGRESSIVE;
				CLANG_CXX_LANGUAGE_STANDARD = "gnu++14";
				CLANG_CXX_LIBRARY = "libc++";
				CLANG_ENABLE_MODULES = YES;
				CLANG_ENABLE_OBJC_ARC = YES;
				CLANG_ENABLE_OBJC_WEAK = YES;
				CLANG_WARN_BLOCK_CAPTURE_AUTORELEASING = YES;
				CLANG_WARN_BOOL_CONVERSION = YES;
				CLANG_WARN_COMMA = YES;
				CLANG_WARN_CONSTANT_CONVERSION = YES;
				CLANG_WARN_DEPRECATED_OBJC_IMPLEMENTATIONS = YES;
				CLANG_WARN_DIRECT_OBJC_ISA_USAGE = YES_ERROR;
				CLANG_WARN_DOCUMENTATION_COMMENTS = YES;
				CLANG_WARN_EMPTY_BODY = YES;
				CLANG_WARN_ENUM_CONVERSION = YES;
				CLANG_WARN_INFINITE_RECURSION = YES;
				CLANG_WARN_INT_CONVERSION = YES;
				CLANG_WARN_NON_LITERAL_NULL_CONVERSION = YES;
				CLANG_WARN_OBJC_IMPLICIT_RETAIN_SELF = YES;
				CLANG_WARN_OBJC_LITERAL_CONVERSION = YES;
				CLANG_WARN_OBJC_ROOT_CLASS = YES_ERROR;
				CLANG_WARN_QUOTED_INCLUDE_IN_FRAMEWORK_HEADER = YES;
				CLANG_WARN_RANGE_LOOP_ANALYSIS = YES;
				CLANG_WARN_STRICT_PROTOTYPES = YES;
				CLANG_WARN_SUSPICIOUS_MOVE = YES;
				CLANG_WARN_UNGUARDED_AVAILABILITY = YES_AGGRESSIVE;
				CLANG_WARN_UNREACHABLE_CODE = YES;
				CLANG_WARN__DUPLICATE_METHOD_MATCH = YES;
				COPY_PHASE_STRIP = NO;
				DEBUG_INFORMATION_FORMAT = "dwarf-with-dsym";
				ENABLE_NS_ASSERTIONS = NO;
				ENABLE_STRICT_OBJC_MSGSEND = YES;
				GCC_C_LANGUAGE_STANDARD = gnu11;
				GCC_NO_COMMON_BLOCKS = YES;
				GCC_WARN_64_TO_32_BIT_CONVERSION = YES;
				GCC_WARN_ABOUT_RETURN_TYPE = YES_ERROR;
				GCC_WARN_UNDECLARED_SELECTOR = YES;
				GCC_WARN_UNINITIALIZED_AUTOS = YES_AGGRESSIVE;
				GCC_WARN_UNUSED_FUNCTION = YES;
				GCC_WARN_UNUSED_VARIABLE = YES;
				MACOSX_DEPLOYMENT_TARGET = 11.1;
				MTL_ENABLE_DEBUG_INFO = NO;
				MTL_FAST_MATH = YES;
				SDKROOT = macosx;
				SWIFT_COMPILATION_MODE = wholemodule;
				SWIFT_OPTIMIZATION_LEVEL = "-O";
			};
			name = Release;
		};
		A51D61D22624F39D008403F8 /* Debug */ = {
			isa = XCBuildConfiguration;
			buildSettings = {
				ASSETCATALOG_COMPILER_APPICON_NAME = AppIcon;
				ASSETCATALOG_COMPILER_GLOBAL_ACCENT_COLOR_NAME = AccentColor;
				CODE_SIGN_ENTITLEMENTS = PerfectMatch/PerfectMatch.entitlements;
				CODE_SIGN_STYLE = Automatic;
				COMBINE_HIDPI_IMAGES = YES;
				DEVELOPMENT_ASSET_PATHS = "\"PerfectMatch/Preview Content\"";
				DEVELOPMENT_TEAM = 8V4284788Y;
				ENABLE_HARDENED_RUNTIME = YES;
				ENABLE_PREVIEWS = YES;
				INFOPLIST_FILE = PerfectMatch/Info.plist;
				LD_RUNPATH_SEARCH_PATHS = (
					"$(inherited)",
					"@executable_path/../Frameworks",
				);
				MACOSX_DEPLOYMENT_TARGET = 11.0;
				PRODUCT_BUNDLE_IDENTIFIER = "com.japanese-goblinn.PerfectMatch";
				PRODUCT_NAME = "$(TARGET_NAME)";
				SWIFT_VERSION = 5.0;
			};
			name = Debug;
		};
		A51D61D32624F39D008403F8 /* Release */ = {
			isa = XCBuildConfiguration;
			buildSettings = {
				ASSETCATALOG_COMPILER_APPICON_NAME = AppIcon;
				ASSETCATALOG_COMPILER_GLOBAL_ACCENT_COLOR_NAME = AccentColor;
				CODE_SIGN_ENTITLEMENTS = PerfectMatch/PerfectMatch.entitlements;
				CODE_SIGN_STYLE = Automatic;
				COMBINE_HIDPI_IMAGES = YES;
				DEVELOPMENT_ASSET_PATHS = "\"PerfectMatch/Preview Content\"";
				DEVELOPMENT_TEAM = 8V4284788Y;
				ENABLE_HARDENED_RUNTIME = YES;
				ENABLE_PREVIEWS = YES;
				INFOPLIST_FILE = PerfectMatch/Info.plist;
				LD_RUNPATH_SEARCH_PATHS = (
					"$(inherited)",
					"@executable_path/../Frameworks",
				);
				MACOSX_DEPLOYMENT_TARGET = 11.0;
				PRODUCT_BUNDLE_IDENTIFIER = "com.japanese-goblinn.PerfectMatch";
				PRODUCT_NAME = "$(TARGET_NAME)";
				SWIFT_VERSION = 5.0;
			};
			name = Release;
		};
/* End XCBuildConfiguration section */

/* Begin XCConfigurationList section */
		A51D61BC2624F397008403F8 /* Build configuration list for PBXProject "PerfectMatch" */ = {
			isa = XCConfigurationList;
			buildConfigurations = (
				A51D61CF2624F39D008403F8 /* Debug */,
				A51D61D02624F39D008403F8 /* Release */,
			);
			defaultConfigurationIsVisible = 0;
			defaultConfigurationName = Release;
		};
		A51D61D12624F39D008403F8 /* Build configuration list for PBXNativeTarget "PerfectMatch" */ = {
			isa = XCConfigurationList;
			buildConfigurations = (
				A51D61D22624F39D008403F8 /* Debug */,
				A51D61D32624F39D008403F8 /* Release */,
			);
			defaultConfigurationIsVisible = 0;
			defaultConfigurationName = Release;
		};
/* End XCConfigurationList section */

/* Begin XCSwiftPackageProductDependency section */
		A51D61E12624F9DC008403F8 /* PerfectMatchDiffing */ = {
			isa = XCSwiftPackageProductDependency;
			productName = PerfectMatchDiffing;
		};
/* End XCSwiftPackageProductDependency section */
	};
	rootObject = A51D61B92624F397008403F8 /* Project object */;
}
